
Microsoft Visual Studio Solution File, Format Version 12.00
# Visual Studio 15
VisualStudioVersion = 15.0.27703.2042
MinimumVisualStudioVersion = 10.0.40219.1
Project("{FAE04EC0-301F-11D3-BF4B-00C04F79EFBC}") = "Chat_server", "Chat_server\Chat_server.csproj", "{E65FA3E7-35FD-4E49-93D6-1DF0B91F9AD1}"
EndProject
Global
	GlobalSection(SolutionConfigurationPlatforms) = preSolution
		Debug|Any CPU = Debug|Any CPU
		Release|Any CPU = Release|Any CPU
	EndGlobalSection
	GlobalSection(ProjectConfigurationPlatforms) = postSolution
		{E65FA3E7-35FD-4E49-93D6-1DF0B91F9AD1}.Debug|Any CPU.ActiveCfg = Debug|Any CPU
		{E65FA3E7-35FD-4E49-93D6-1DF0B91F9AD1}.Debug|Any CPU.Build.0 = Debug|Any CPU
		{E65FA3E7-35FD-4E49-93D6-1DF0B91F9AD1}.Release|Any CPU.ActiveCfg = Release|Any CPU
		{E65FA3E7-35FD-4E49-93D6-1DF0B91F9AD1}.Release|Any CPU.Build.0 = Release|Any CPU
	EndGlobalSection
	GlobalSection(SolutionProperties) = preSolution
		HideSolutionNode = FALSE
	EndGlobalSection
	GlobalSection(ExtensibilityGlobals) = postSolution
		SolutionGuid = {5A86D4BF-255F-41D3-8B0A-998C760D58C1}
	EndGlobalSection
EndGlobal
